
Microsoft Visual Studio Solution File, Format Version 12.00
# Visual Studio Version 17
VisualStudioVersion = 17.9.34714.143
MinimumVisualStudioVersion = 10.0.40219.1
Project("{FAE04EC0-301F-11D3-BF4B-00C04F79EFBC}") = "LoginAndRegister", "LoginAndRegister\LoginAndRegister.csproj", "{7AFCBC39-3721-46D0-BFAD-CB3A497B3A6E}"
EndProject
Global
	GlobalSection(SolutionConfigurationPlatforms) = preSolution
		Debug|Any CPU = Debug|Any CPU
		Release|Any CPU = Release|Any CPU
	EndGlobalSection
	GlobalSection(ProjectConfigurationPlatforms) = postSolution
		{7AFCBC39-3721-46D0-BFAD-CB3A497B3A6E}.Debug|Any CPU.ActiveCfg = Debug|Any CPU
		{7AFCBC39-3721-46D0-BFAD-CB3A497B3A6E}.Debug|Any CPU.Build.0 = Debug|Any CPU
		{7AFCBC39-3721-46D0-BFAD-CB3A497B3A6E}.Release|Any CPU.ActiveCfg = Release|Any CPU
		{7AFCBC39-3721-46D0-BFAD-CB3A497B3A6E}.Release|Any CPU.Build.0 = Release|Any CPU
	EndGlobalSection
	GlobalSection(SolutionProperties) = preSolution
		HideSolutionNode = FALSE
	EndGlobalSection
	GlobalSection(ExtensibilityGlobals) = postSolution
		SolutionGuid = {FD7115DA-FC43-462C-8A3B-9E197956BABD}
	EndGlobalSection
EndGlobal
